
Microsoft Visual Studio Solution File, Format Version 11.00
# Visual C# Express 2010
Project("{FAE04EC0-301F-11D3-BF4B-00C04F79EFBC}") = "Odczyt CTS i S4000", "Odczyt parametrow CTS\Odczyt CTS i S4000.csproj", "{9799A9B2-5B5E-4C99-987E-1376D7A9AB1B}"
EndProject
Global
	GlobalSection(SolutionConfigurationPlatforms) = preSolution
		Debug|Any CPU = Debug|Any CPU
		Release|Any CPU = Release|Any CPU
	EndGlobalSection
	GlobalSection(ProjectConfigurationPlatforms) = postSolution
		{9799A9B2-5B5E-4C99-987E-1376D7A9AB1B}.Debug|Any CPU.ActiveCfg = Debug|Any CPU
		{9799A9B2-5B5E-4C99-987E-1376D7A9AB1B}.Debug|Any CPU.Build.0 = Debug|Any CPU
		{9799A9B2-5B5E-4C99-987E-1376D7A9AB1B}.Release|Any CPU.ActiveCfg = Release|Any CPU
		{9799A9B2-5B5E-4C99-987E-1376D7A9AB1B}.Release|Any CPU.Build.0 = Release|Any CPU
	EndGlobalSection
	GlobalSection(SolutionProperties) = preSolution
		HideSolutionNode = FALSE
	EndGlobalSection
EndGlobal
